
Microsoft Visual Studio Solution File, Format Version 12.00
# Visual Studio Version 17
VisualStudioVersion = 17.3.32929.385
MinimumVisualStudioVersion = 10.0.40219.1
Project("{54A90642-561A-4BB1-A94E-469ADEE60C69}") = "NetCoreConf2022.Bot.WebChat", "NetCoreConf2022.Bot.WebChat\NetCoreConf2022.Bot.WebChat.esproj", "{03072B38-7259-484C-B16B-C036583C0B69}"
EndProject
Project("{9A19103F-16F7-4668-BE54-9A1E7A4F7556}") = "NetCoreConf2022.Bot", "NetCoreConf2022.Bot\NetCoreConf2022.Bot.csproj", "{B2CE454E-5D26-4AAB-AB76-01BA406DD0CB}"
EndProject
Project("{2150E333-8FDC-42A3-9474-1A3956D46DE8}") = "_Solution Items", "_Solution Items", "{38BB1507-840B-4DE0-948F-BD09F3846F1C}"
	ProjectSection(SolutionItems) = preProject
		.editorconfig = .editorconfig
		.gitattributes = .gitattributes
		.gitignore = .gitignore
		Directory.Build.props = Directory.Build.props
		Directory.Build.targets = Directory.Build.targets
		global.json = global.json
		NuGet.config = NuGet.config
	EndProjectSection
EndProject
Global
	GlobalSection(SolutionConfigurationPlatforms) = preSolution
		Debug|Any CPU = Debug|Any CPU
		Release|Any CPU = Release|Any CPU
	EndGlobalSection
	GlobalSection(ProjectConfigurationPlatforms) = postSolution
		{03072B38-7259-484C-B16B-C036583C0B69}.Debug|Any CPU.ActiveCfg = Debug|Any CPU
		{03072B38-7259-484C-B16B-C036583C0B69}.Debug|Any CPU.Build.0 = Debug|Any CPU
		{03072B38-7259-484C-B16B-C036583C0B69}.Debug|Any CPU.Deploy.0 = Debug|Any CPU
		{03072B38-7259-484C-B16B-C036583C0B69}.Release|Any CPU.ActiveCfg = Release|Any CPU
		{03072B38-7259-484C-B16B-C036583C0B69}.Release|Any CPU.Build.0 = Release|Any CPU
		{03072B38-7259-484C-B16B-C036583C0B69}.Release|Any CPU.Deploy.0 = Release|Any CPU
		{B2CE454E-5D26-4AAB-AB76-01BA406DD0CB}.Debug|Any CPU.ActiveCfg = Debug|Any CPU
		{B2CE454E-5D26-4AAB-AB76-01BA406DD0CB}.Debug|Any CPU.Build.0 = Debug|Any CPU
		{B2CE454E-5D26-4AAB-AB76-01BA406DD0CB}.Release|Any CPU.ActiveCfg = Release|Any CPU
		{B2CE454E-5D26-4AAB-AB76-01BA406DD0CB}.Release|Any CPU.Build.0 = Release|Any CPU
	EndGlobalSection
	GlobalSection(SolutionProperties) = preSolution
		HideSolutionNode = FALSE
	EndGlobalSection
	GlobalSection(ExtensibilityGlobals) = postSolution
		SolutionGuid = {BBD74DC0-B538-4A48-AF4F-83E1478E25C9}
	EndGlobalSection
EndGlobal
